
Microsoft Visual Studio Solution File, Format Version 12.00
# Visual Studio Version 17
VisualStudioVersion = 17.14.36414.22 d17.14
MinimumVisualStudioVersion = 10.0.40219.1
Project("{13B669BE-BB05-4DDF-9536-439F39A36129}") = "CalculatorPHPWebApp", "CalculatorPHPWebApp.phpproj", "{132F3646-5185-6468-F76F-12CCBC50BBCB}"
EndProject
Global
	GlobalSection(SolutionConfigurationPlatforms) = preSolution
		Debug|Any CPU = Debug|Any CPU
		Release|Any CPU = Release|Any CPU
	EndGlobalSection
	GlobalSection(ProjectConfigurationPlatforms) = postSolution
		{132F3646-5185-6468-F76F-12CCBC50BBCB}.Debug|Any CPU.ActiveCfg = Debug|Any CPU
		{132F3646-5185-6468-F76F-12CCBC50BBCB}.Debug|Any CPU.Build.0 = Debug|Any CPU
		{132F3646-5185-6468-F76F-12CCBC50BBCB}.Release|Any CPU.ActiveCfg = Release|Any CPU
		{132F3646-5185-6468-F76F-12CCBC50BBCB}.Release|Any CPU.Build.0 = Release|Any CPU
	EndGlobalSection
	GlobalSection(SolutionProperties) = preSolution
		HideSolutionNode = FALSE
	EndGlobalSection
	GlobalSection(ExtensibilityGlobals) = postSolution
		SolutionGuid = {36782426-A006-45B7-9E4E-2F5B67FFD623}
	EndGlobalSection
EndGlobal
